
Microsoft Visual Studio Solution File, Format Version 12.00
# Visual Studio Version 17
Project("{8BC9CEB8-8B4A-11D0-8D11-00A0C91BC942}") = "Watch", "Watch.vcxproj", "{5C7F5C0E-C893-84BF-9115-281FFDE880F0}"
EndProject
Global
	GlobalSection(SolutionConfigurationPlatforms) = preSolution
		Debug|GTA-SA = Debug|GTA-SA
		Debug|GTA-VC = Debug|GTA-VC
		Release|GTA-SA = Release|GTA-SA
		Release|GTA-VC = Release|GTA-VC
	EndGlobalSection
	GlobalSection(ProjectConfigurationPlatforms) = postSolution
		{5C7F5C0E-C893-84BF-9115-281FFDE880F0}.Debug|GTA-SA.ActiveCfg = Debug GTA-SA|Win32
		{5C7F5C0E-C893-84BF-9115-281FFDE880F0}.Debug|GTA-SA.Build.0 = Debug GTA-SA|Win32
		{5C7F5C0E-C893-84BF-9115-281FFDE880F0}.Debug|GTA-VC.ActiveCfg = Debug GTA-VC|Win32
		{5C7F5C0E-C893-84BF-9115-281FFDE880F0}.Debug|GTA-VC.Build.0 = Debug GTA-VC|Win32
		{5C7F5C0E-C893-84BF-9115-281FFDE880F0}.Release|GTA-SA.ActiveCfg = Release GTA-SA|Win32
		{5C7F5C0E-C893-84BF-9115-281FFDE880F0}.Release|GTA-SA.Build.0 = Release GTA-SA|Win32
		{5C7F5C0E-C893-84BF-9115-281FFDE880F0}.Release|GTA-VC.ActiveCfg = Release GTA-VC|Win32
		{5C7F5C0E-C893-84BF-9115-281FFDE880F0}.Release|GTA-VC.Build.0 = Release GTA-VC|Win32
	EndGlobalSection
	GlobalSection(SolutionProperties) = preSolution
		HideSolutionNode = FALSE
	EndGlobalSection
EndGlobal
